
Microsoft Visual Studio Solution File, Format Version 12.00
# Visual Studio 15
VisualStudioVersion = 15.0.28307.539
MinimumVisualStudioVersion = 10.0.40219.1
Project("{FAE04EC0-301F-11D3-BF4B-00C04F79EFBC}") = "UnitTestProject1", "UnitTestProject1\UnitTestProject1.csproj", "{BD42CE87-B8C0-4C24-A13D-71DBA49CFD15}"
EndProject
Global
	GlobalSection(SolutionConfigurationPlatforms) = preSolution
		Debug|Any CPU = Debug|Any CPU
		Release|Any CPU = Release|Any CPU
	EndGlobalSection
	GlobalSection(ProjectConfigurationPlatforms) = postSolution
		{BD42CE87-B8C0-4C24-A13D-71DBA49CFD15}.Debug|Any CPU.ActiveCfg = Debug|Any CPU
		{BD42CE87-B8C0-4C24-A13D-71DBA49CFD15}.Debug|Any CPU.Build.0 = Debug|Any CPU
		{BD42CE87-B8C0-4C24-A13D-71DBA49CFD15}.Release|Any CPU.ActiveCfg = Release|Any CPU
		{BD42CE87-B8C0-4C24-A13D-71DBA49CFD15}.Release|Any CPU.Build.0 = Release|Any CPU
	EndGlobalSection
	GlobalSection(SolutionProperties) = preSolution
		HideSolutionNode = FALSE
	EndGlobalSection
	GlobalSection(ExtensibilityGlobals) = postSolution
		SolutionGuid = {379725F4-FC70-4673-8111-A7BBF6ACB73E}
	EndGlobalSection
EndGlobal
